
Microsoft Visual Studio Solution File, Format Version 12.00
# Visual Studio 2012
Project("{8BC9CEB8-8B4A-11D0-8D11-00A0C91BC942}") = "Project2", "Project2\Project2.vcxproj", "{38F77296-1562-4A2F-BE0A-85F517A04830}"
EndProject
Global
	GlobalSection(SolutionConfigurationPlatforms) = preSolution
		Debug|Win32 = Debug|Win32
		Release|Win32 = Release|Win32
	EndGlobalSection
	GlobalSection(ProjectConfigurationPlatforms) = postSolution
		{38F77296-1562-4A2F-BE0A-85F517A04830}.Debug|Win32.ActiveCfg = Debug|Win32
		{38F77296-1562-4A2F-BE0A-85F517A04830}.Debug|Win32.Build.0 = Debug|Win32
		{38F77296-1562-4A2F-BE0A-85F517A04830}.Release|Win32.ActiveCfg = Release|Win32
		{38F77296-1562-4A2F-BE0A-85F517A04830}.Release|Win32.Build.0 = Release|Win32
	EndGlobalSection
	GlobalSection(SolutionProperties) = preSolution
		HideSolutionNode = FALSE
	EndGlobalSection
EndGlobal
